// !$*UTF8*$!
{
	archiveVersion = 1;
	classes = {
	};
	objectVersion = 56;
	objects = {

/* Begin PBXBuildFile section */
		A012F2962945DA8C002B6193 /* TwitterUser.swift in Sources */ = {isa = PBXBuildFile; fileRef = A012F2952945DA8C002B6193 /* TwitterUser.swift */; };
		A012F2982945DD21002B6193 /* DatabaseManager.swift in Sources */ = {isa = PBXBuildFile; fileRef = A012F2972945DD21002B6193 /* DatabaseManager.swift */; };
		A012F29A2945F3B1002B6193 /* HomeViewViewModel.swift in Sources */ = {isa = PBXBuildFile; fileRef = A012F2992945F3B1002B6193 /* HomeViewViewModel.swift */; };
		A012F29C2945FAA7002B6193 /* ProfileDataFormViewController.swift in Sources */ = {isa = PBXBuildFile; fileRef = A012F29B2945FAA7002B6193 /* ProfileDataFormViewController.swift */; };
		A012F29E29460C31002B6193 /* ProfileDataFormViewViewModel.swift in Sources */ = {isa = PBXBuildFile; fileRef = A012F29D29460C31002B6193 /* ProfileDataFormViewViewModel.swift */; };
		A0143BB92948CCFE00704629 /* ProfileViewViewModel.swift in Sources */ = {isa = PBXBuildFile; fileRef = A0143BB82948CCFE00704629 /* ProfileViewViewModel.swift */; };
		A0143BBC2948D25B00704629 /* SDWebImage in Frameworks */ = {isa = PBXBuildFile; productRef = A0143BBB2948D25B00704629 /* SDWebImage */; };
		A01A0A5729487EC500C0A381 /* StorageManager.swift in Sources */ = {isa = PBXBuildFile; fileRef = A01A0A5629487EC500C0A381 /* StorageManager.swift */; };
		A07892A32945C9510010F9BA /* LoginViewController.swift in Sources */ = {isa = PBXBuildFile; fileRef = A07892A22945C9510010F9BA /* LoginViewController.swift */; };
		A08CABB229718F52002E2560 /* TweetComposeViewViewModel.swift in Sources */ = {isa = PBXBuildFile; fileRef = A08CABB129718F52002E2560 /* TweetComposeViewViewModel.swift */; };
		A08CABB429719117002E2560 /* Tweet.swift in Sources */ = {isa = PBXBuildFile; fileRef = A08CABB329719117002E2560 /* Tweet.swift */; };
		A09D337129704CE70035E5CF /* Extension+UIColor.swift in Sources */ = {isa = PBXBuildFile; fileRef = A09D337029704CE70035E5CF /* Extension+UIColor.swift */; };
		A09D3373297054590035E5CF /* TweetComposeViewController.swift in Sources */ = {isa = PBXBuildFile; fileRef = A09D3372297054590035E5CF /* TweetComposeViewController.swift */; };
		A0C26CC9294232B000565423 /* GoogleService-Info.plist in Resources */ = {isa = PBXBuildFile; fileRef = A0C26CC8294232B000565423 /* GoogleService-Info.plist */; };
		A0C26CCC29423A1B00565423 /* FirebaseAuth in Frameworks */ = {isa = PBXBuildFile; productRef = A0C26CCB29423A1B00565423 /* FirebaseAuth */; };
		A0C26CCE29423A1B00565423 /* FirebaseAuthCombine-Community in Frameworks */ = {isa = PBXBuildFile; productRef = A0C26CCD29423A1B00565423 /* FirebaseAuthCombine-Community */; };
		A0C26CD029423A1B00565423 /* FirebaseDatabase in Frameworks */ = {isa = PBXBuildFile; productRef = A0C26CCF29423A1B00565423 /* FirebaseDatabase */; };
		A0C26CD229423A1B00565423 /* FirebaseDatabaseSwift in Frameworks */ = {isa = PBXBuildFile; productRef = A0C26CD129423A1B00565423 /* FirebaseDatabaseSwift */; };
		A0C26CD429423A1B00565423 /* FirebaseFirestore in Frameworks */ = {isa = PBXBuildFile; productRef = A0C26CD329423A1B00565423 /* FirebaseFirestore */; };
		A0C26CD629423A1B00565423 /* FirebaseFirestoreCombine-Community in Frameworks */ = {isa = PBXBuildFile; productRef = A0C26CD529423A1B00565423 /* FirebaseFirestoreCombine-Community */; };
		A0C26CD829423A1B00565423 /* FirebaseFirestoreSwift in Frameworks */ = {isa = PBXBuildFile; productRef = A0C26CD729423A1B00565423 /* FirebaseFirestoreSwift */; };
		A0C26CDA29423A1B00565423 /* FirebaseStorage in Frameworks */ = {isa = PBXBuildFile; productRef = A0C26CD929423A1B00565423 /* FirebaseStorage */; };
		A0C26CDC29423A1B00565423 /* FirebaseStorageCombine-Community in Frameworks */ = {isa = PBXBuildFile; productRef = A0C26CDB29423A1B00565423 /* FirebaseStorageCombine-Community */; };
		A0C26CDF29423C2B00565423 /* OnboardingViewController.swift in Sources */ = {isa = PBXBuildFile; fileRef = A0C26CDE29423C2B00565423 /* OnboardingViewController.swift */; };
		A0C76662293E3C740017DB9C /* ProfileViewController.swift in Sources */ = {isa = PBXBuildFile; fileRef = A0C76661293E3C740017DB9C /* ProfileViewController.swift */; };
		A0C76664293E4C080017DB9C /* ProfileTableViewHeader.swift in Sources */ = {isa = PBXBuildFile; fileRef = A0C76663293E4C080017DB9C /* ProfileTableViewHeader.swift */; };
		A0CA24492942541300B4C76D /* RegisterViewController.swift in Sources */ = {isa = PBXBuildFile; fileRef = A0CA24482942541300B4C76D /* RegisterViewController.swift */; };
		A0CA244C2943371F00B4C76D /* AuthenticationViewViewModel.swift in Sources */ = {isa = PBXBuildFile; fileRef = A0CA244B2943371F00B4C76D /* AuthenticationViewViewModel.swift */; };
		A0CA244F2944E4B500B4C76D /* AuthManager.swift in Sources */ = {isa = PBXBuildFile; fileRef = A0CA244E2944E4B500B4C76D /* AuthManager.swift */; };
		A0D7F991293CE57700FC381F /* AppDelegate.swift in Sources */ = {isa = PBXBuildFile; fileRef = A0D7F990293CE57700FC381F /* AppDelegate.swift */; };
		A0D7F993293CE57700FC381F /* SceneDelegate.swift in Sources */ = {isa = PBXBuildFile; fileRef = A0D7F992293CE57700FC381F /* SceneDelegate.swift */; };
		A0D7F995293CE57700FC381F /* MainTabBarViewController.swift in Sources */ = {isa = PBXBuildFile; fileRef = A0D7F994293CE57700FC381F /* MainTabBarViewController.swift */; };
		A0D7F99A293CE57B00FC381F /* Assets.xcassets in Resources */ = {isa = PBXBuildFile; fileRef = A0D7F999293CE57B00FC381F /* Assets.xcassets */; };
		A0D7F99D293CE57B00FC381F /* LaunchScreen.storyboard in Resources */ = {isa = PBXBuildFile; fileRef = A0D7F99B293CE57B00FC381F /* LaunchScreen.storyboard */; };
		A0D7F9A8293CE89400FC381F /* HomeViewController.swift in Sources */ = {isa = PBXBuildFile; fileRef = A0D7F9A7293CE89400FC381F /* HomeViewController.swift */; };
		A0D7F9AA293CE8A500FC381F /* SearchViewController.swift in Sources */ = {isa = PBXBuildFile; fileRef = A0D7F9A9293CE8A500FC381F /* SearchViewController.swift */; };
		A0D7F9AC293CE8BA00FC381F /* NotificationsViewController.swift in Sources */ = {isa = PBXBuildFile; fileRef = A0D7F9AB293CE8BA00FC381F /* NotificationsViewController.swift */; };
		A0D7F9AE293CE8CF00FC381F /* DirectMessagesViewController.swift in Sources */ = {isa = PBXBuildFile; fileRef = A0D7F9AD293CE8CF00FC381F /* DirectMessagesViewController.swift */; };
		A0D7F9B1293D01A200FC381F /* TweetTableViewCell.swift in Sources */ = {isa = PBXBuildFile; fileRef = A0D7F9B0293D01A200FC381F /* TweetTableViewCell.swift */; };
/* End PBXBuildFile section */

/* Begin PBXFileReference section */
		A012F2952945DA8C002B6193 /* TwitterUser.swift */ = {isa = PBXFileReference; lastKnownFileType = sourcecode.swift; path = TwitterUser.swift; sourceTree = "<group>"; };
		A012F2972945DD21002B6193 /* DatabaseManager.swift */ = {isa = PBXFileReference; lastKnownFileType = sourcecode.swift; path = DatabaseManager.swift; sourceTree = "<group>"; };
		A012F2992945F3B1002B6193 /* HomeViewViewModel.swift */ = {isa = PBXFileReference; lastKnownFileType = sourcecode.swift; path = HomeViewViewModel.swift; sourceTree = "<group>"; };
		A012F29B2945FAA7002B6193 /* ProfileDataFormViewController.swift */ = {isa = PBXFileReference; lastKnownFileType = sourcecode.swift; path = ProfileDataFormViewController.swift; sourceTree = "<group>"; };
		A012F29D29460C31002B6193 /* ProfileDataFormViewViewModel.swift */ = {isa = PBXFileReference; lastKnownFileType = sourcecode.swift; path = ProfileDataFormViewViewModel.swift; sourceTree = "<group>"; };
		A0143BB82948CCFE00704629 /* ProfileViewViewModel.swift */ = {isa = PBXFileReference; lastKnownFileType = sourcecode.swift; path = ProfileViewViewModel.swift; sourceTree = "<group>"; };
		A01A0A5629487EC500C0A381 /* StorageManager.swift */ = {isa = PBXFileReference; lastKnownFileType = sourcecode.swift; path = StorageManager.swift; sourceTree = "<group>"; };
		A07892A22945C9510010F9BA /* LoginViewController.swift */ = {isa = PBXFileReference; lastKnownFileType = sourcecode.swift; path = LoginViewController.swift; sourceTree = "<group>"; };
		A08CABB129718F52002E2560 /* TweetComposeViewViewModel.swift */ = {isa = PBXFileReference; lastKnownFileType = sourcecode.swift; path = TweetComposeViewViewModel.swift; sourceTree = "<group>"; };
		A08CABB329719117002E2560 /* Tweet.swift */ = {isa = PBXFileReference; lastKnownFileType = sourcecode.swift; path = Tweet.swift; sourceTree = "<group>"; };
		A09D337029704CE70035E5CF /* Extension+UIColor.swift */ = {isa = PBXFileReference; lastKnownFileType = sourcecode.swift; path = "Extension+UIColor.swift"; sourceTree = "<group>"; };
		A09D3372297054590035E5CF /* TweetComposeViewController.swift */ = {isa = PBXFileReference; lastKnownFileType = sourcecode.swift; path = TweetComposeViewController.swift; sourceTree = "<group>"; };
		A0C26CC8294232B000565423 /* GoogleService-Info.plist */ = {isa = PBXFileReference; fileEncoding = 4; lastKnownFileType = text.plist.xml; path = "GoogleService-Info.plist"; sourceTree = "<group>"; };
		A0C26CDE29423C2B00565423 /* OnboardingViewController.swift */ = {isa = PBXFileReference; lastKnownFileType = sourcecode.swift; path = OnboardingViewController.swift; sourceTree = "<group>"; };
		A0C76661293E3C740017DB9C /* ProfileViewController.swift */ = {isa = PBXFileReference; lastKnownFileType = sourcecode.swift; path = ProfileViewController.swift; sourceTree = "<group>"; };
		A0C76663293E4C080017DB9C /* ProfileTableViewHeader.swift */ = {isa = PBXFileReference; lastKnownFileType = sourcecode.swift; path = ProfileTableViewHeader.swift; sourceTree = "<group>"; };
		A0CA24482942541300B4C76D /* RegisterViewController.swift */ = {isa = PBXFileReference; lastKnownFileType = sourcecode.swift; path = RegisterViewController.swift; sourceTree = "<group>"; };
		A0CA244B2943371F00B4C76D /* AuthenticationViewViewModel.swift */ = {isa = PBXFileReference; lastKnownFileType = sourcecode.swift; path = AuthenticationViewViewModel.swift; sourceTree = "<group>"; };
		A0CA244E2944E4B500B4C76D /* AuthManager.swift */ = {isa = PBXFileReference; lastKnownFileType = sourcecode.swift; path = AuthManager.swift; sourceTree = "<group>"; };
		A0D7F98D293CE57700FC381F /* Twitter_.app */ = {isa = PBXFileReference; explicitFileType = wrapper.application; includeInIndex = 0; path = Twitter_.app; sourceTree = BUILT_PRODUCTS_DIR; };
		A0D7F990293CE57700FC381F /* AppDelegate.swift */ = {isa = PBXFileReference; lastKnownFileType = sourcecode.swift; path = AppDelegate.swift; sourceTree = "<group>"; };
		A0D7F992293CE57700FC381F /* SceneDelegate.swift */ = {isa = PBXFileReference; lastKnownFileType = sourcecode.swift; path = SceneDelegate.swift; sourceTree = "<group>"; };
		A0D7F994293CE57700FC381F /* MainTabBarViewController.swift */ = {isa = PBXFileReference; lastKnownFileType = sourcecode.swift; path = MainTabBarViewController.swift; sourceTree = "<group>"; };
		A0D7F999293CE57B00FC381F /* Assets.xcassets */ = {isa = PBXFileReference; lastKnownFileType = folder.assetcatalog; path = Assets.xcassets; sourceTree = "<group>"; };
		A0D7F99C293CE57B00FC381F /* Base */ = {isa = PBXFileReference; lastKnownFileType = file.storyboard; name = Base; path = Base.lproj/LaunchScreen.storyboard; sourceTree = "<group>"; };
		A0D7F99E293CE57B00FC381F /* Info.plist */ = {isa = PBXFileReference; lastKnownFileType = text.plist.xml; path = Info.plist; sourceTree = "<group>"; };
		A0D7F9A7293CE89400FC381F /* HomeViewController.swift */ = {isa = PBXFileReference; lastKnownFileType = sourcecode.swift; path = HomeViewController.swift; sourceTree = "<group>"; };
		A0D7F9A9293CE8A500FC381F /* SearchViewController.swift */ = {isa = PBXFileReference; lastKnownFileType = sourcecode.swift; path = SearchViewController.swift; sourceTree = "<group>"; };
		A0D7F9AB293CE8BA00FC381F /* NotificationsViewController.swift */ = {isa = PBXFileReference; lastKnownFileType = sourcecode.swift; path = NotificationsViewController.swift; sourceTree = "<group>"; };
		A0D7F9AD293CE8CF00FC381F /* DirectMessagesViewController.swift */ = {isa = PBXFileReference; lastKnownFileType = sourcecode.swift; path = DirectMessagesViewController.swift; sourceTree = "<group>"; };
		A0D7F9B0293D01A200FC381F /* TweetTableViewCell.swift */ = {isa = PBXFileReference; lastKnownFileType = sourcecode.swift; path = TweetTableViewCell.swift; sourceTree = "<group>"; };
/* End PBXFileReference section */

/* Begin PBXFrameworksBuildPhase section */
		A0D7F98A293CE57700FC381F /* Frameworks */ = {
			isa = PBXFrameworksBuildPhase;
			buildActionMask = 2147483647;
			files = (
				A0C26CD229423A1B00565423 /* FirebaseDatabaseSwift in Frameworks */,
				A0C26CD029423A1B00565423 /* FirebaseDatabase in Frameworks */,
				A0C26CCC29423A1B00565423 /* FirebaseAuth in Frameworks */,
				A0C26CD829423A1B00565423 /* FirebaseFirestoreSwift in Frameworks */,
				A0143BBC2948D25B00704629 /* SDWebImage in Frameworks */,
				A0C26CD629423A1B00565423 /* FirebaseFirestoreCombine-Community in Frameworks */,
				A0C26CDA29423A1B00565423 /* FirebaseStorage in Frameworks */,
				A0C26CD429423A1B00565423 /* FirebaseFirestore in Frameworks */,
				A0C26CDC29423A1B00565423 /* FirebaseStorageCombine-Community in Frameworks */,
				A0C26CCE29423A1B00565423 /* FirebaseAuthCombine-Community in Frameworks */,
			);
			runOnlyForDeploymentPostprocessing = 0;
		};
/* End PBXFrameworksBuildPhase section */

/* Begin PBXGroup section */
		A012F2942945DA76002B6193 /* Models */ = {
			isa = PBXGroup;
			children = (
				A012F2952945DA8C002B6193 /* TwitterUser.swift */,
				A08CABB329719117002E2560 /* Tweet.swift */,
			);
			path = Models;
			sourceTree = "<group>";
		};
		A09D336E29704CBF0035E5CF /* Utils */ = {
			isa = PBXGroup;
			children = (
				A09D336F29704CCD0035E5CF /* Extensions */,
			);
			path = Utils;
			sourceTree = "<group>";
		};
		A09D336F29704CCD0035E5CF /* Extensions */ = {
			isa = PBXGroup;
			children = (
				A09D337029704CE70035E5CF /* Extension+UIColor.swift */,
			);
			path = Extensions;
			sourceTree = "<group>";
		};
		A0C26CDD29423C0800565423 /* Onboarding */ = {
			isa = PBXGroup;
			children = (
				A0C26CDE29423C2B00565423 /* OnboardingViewController.swift */,
				A0CA24482942541300B4C76D /* RegisterViewController.swift */,
				A07892A22945C9510010F9BA /* LoginViewController.swift */,
			);
			path = Onboarding;
			sourceTree = "<group>";
		};
		A0C76660293E3C4C0017DB9C /* General */ = {
			isa = PBXGroup;
			children = (
				A0C76661293E3C740017DB9C /* ProfileViewController.swift */,
				A012F29B2945FAA7002B6193 /* ProfileDataFormViewController.swift */,
				A09D3372297054590035E5CF /* TweetComposeViewController.swift */,
			);
			path = General;
			sourceTree = "<group>";
		};
		A0CA244A2943370300B4C76D /* ViewModels */ = {
			isa = PBXGroup;
			children = (
				A0CA244B2943371F00B4C76D /* AuthenticationViewViewModel.swift */,
				A012F2992945F3B1002B6193 /* HomeViewViewModel.swift */,
				A012F29D29460C31002B6193 /* ProfileDataFormViewViewModel.swift */,
				A0143BB82948CCFE00704629 /* ProfileViewViewModel.swift */,
				A08CABB129718F52002E2560 /* TweetComposeViewViewModel.swift */,
			);
			path = ViewModels;
			sourceTree = "<group>";
		};
		A0CA244D2944E4A000B4C76D /* Networking */ = {
			isa = PBXGroup;
			children = (
				A0CA244E2944E4B500B4C76D /* AuthManager.swift */,
				A012F2972945DD21002B6193 /* DatabaseManager.swift */,
				A01A0A5629487EC500C0A381 /* StorageManager.swift */,
			);
			path = Networking;
			sourceTree = "<group>";
		};
		A0D7F984293CE57600FC381F = {
			isa = PBXGroup;
			children = (
				A0D7F98F293CE57700FC381F /* Twitter_ */,
				A0D7F98E293CE57700FC381F /* Products */,
			);
			sourceTree = "<group>";
		};
		A0D7F98E293CE57700FC381F /* Products */ = {
			isa = PBXGroup;
			children = (
				A0D7F98D293CE57700FC381F /* Twitter_.app */,
			);
			name = Products;
			sourceTree = "<group>";
		};
		A0D7F98F293CE57700FC381F /* Twitter_ */ = {
			isa = PBXGroup;
			children = (
				A09D336E29704CBF0035E5CF /* Utils */,
				A012F2942945DA76002B6193 /* Models */,
				A0CA244D2944E4A000B4C76D /* Networking */,
				A0CA244A2943370300B4C76D /* ViewModels */,
				A0D7F9AF293D017600FC381F /* Views */,
				A0D7F9A4293CE86200FC381F /* Controllers */,
				A0D7F999293CE57B00FC381F /* Assets.xcassets */,
				A0D7F990293CE57700FC381F /* AppDelegate.swift */,
				A0D7F992293CE57700FC381F /* SceneDelegate.swift */,
				A0D7F99B293CE57B00FC381F /* LaunchScreen.storyboard */,
				A0D7F99E293CE57B00FC381F /* Info.plist */,
				A0C26CC8294232B000565423 /* GoogleService-Info.plist */,
			);
			path = Twitter_;
			sourceTree = "<group>";
		};
		A0D7F9A4293CE86200FC381F /* Controllers */ = {
			isa = PBXGroup;
			children = (
				A0C26CDD29423C0800565423 /* Onboarding */,
				A0C76660293E3C4C0017DB9C /* General */,
				A0D7F9A5293CE86E00FC381F /* Core */,
			);
			path = Controllers;
			sourceTree = "<group>";
		};
		A0D7F9A5293CE86E00FC381F /* Core */ = {
			isa = PBXGroup;
			children = (
				A0D7F994293CE57700FC381F /* MainTabBarViewController.swift */,
				A0D7F9A7293CE89400FC381F /* HomeViewController.swift */,
				A0D7F9A9293CE8A500FC381F /* SearchViewController.swift */,
				A0D7F9AB293CE8BA00FC381F /* NotificationsViewController.swift */,
				A0D7F9AD293CE8CF00FC381F /* DirectMessagesViewController.swift */,
			);
			path = Core;
			sourceTree = "<group>";
		};
		A0D7F9AF293D017600FC381F /* Views */ = {
			isa = PBXGroup;
			children = (
				A0D7F9B0293D01A200FC381F /* TweetTableViewCell.swift */,
				A0C76663293E4C080017DB9C /* ProfileTableViewHeader.swift */,
			);
			path = Views;
			sourceTree = "<group>";
		};
/* End PBXGroup section */

/* Begin PBXNativeTarget section */
		A0D7F98C293CE57700FC381F /* Twitter_ */ = {
			isa = PBXNativeTarget;
			buildConfigurationList = A0D7F9A1293CE57B00FC381F /* Build configuration list for PBXNativeTarget "Twitter_" */;
			buildPhases = (
				A0D7F989293CE57700FC381F /* Sources */,
				A0D7F98A293CE57700FC381F /* Frameworks */,
				A0D7F98B293CE57700FC381F /* Resources */,
			);
			buildRules = (
			);
			dependencies = (
			);
			name = Twitter_;
			packageProductDependencies = (
				A0C26CCB29423A1B00565423 /* FirebaseAuth */,
				A0C26CCD29423A1B00565423 /* FirebaseAuthCombine-Community */,
				A0C26CCF29423A1B00565423 /* FirebaseDatabase */,
				A0C26CD129423A1B00565423 /* FirebaseDatabaseSwift */,
				A0C26CD329423A1B00565423 /* FirebaseFirestore */,
				A0C26CD529423A1B00565423 /* FirebaseFirestoreCombine-Community */,
				A0C26CD729423A1B00565423 /* FirebaseFirestoreSwift */,
				A0C26CD929423A1B00565423 /* FirebaseStorage */,
				A0C26CDB29423A1B00565423 /* FirebaseStorageCombine-Community */,
				A0143BBB2948D25B00704629 /* SDWebImage */,
			);
			productName = Twitter_;
			productReference = A0D7F98D293CE57700FC381F /* Twitter_.app */;
			productType = "com.apple.product-type.application";
		};
/* End PBXNativeTarget section */

/* Begin PBXProject section */
		A0D7F985293CE57600FC381F /* Project object */ = {
			isa = PBXProject;
			attributes = {
				BuildIndependentTargetsInParallel = 1;
				LastSwiftUpdateCheck = 1400;
				LastUpgradeCheck = 1400;
				TargetAttributes = {
					A0D7F98C293CE57700FC381F = {
						CreatedOnToolsVersion = 14.0.1;
					};
				};
			};
			buildConfigurationList = A0D7F988293CE57600FC381F /* Build configuration list for PBXProject "Twitter_" */;
			compatibilityVersion = "Xcode 14.0";
			developmentRegion = en;
			hasScannedForEncodings = 0;
			knownRegions = (
				en,
				Base,
			);
			mainGroup = A0D7F984293CE57600FC381F;
			packageReferences = (
				A0C26CCA29423A1B00565423 /* XCRemoteSwiftPackageReference "firebase-ios-sdk" */,
				A0143BBA2948D25B00704629 /* XCRemoteSwiftPackageReference "SDWebImage" */,
			);
			productRefGroup = A0D7F98E293CE57700FC381F /* Products */;
			projectDirPath = "";
			projectRoot = "";
			targets = (
				A0D7F98C293CE57700FC381F /* Twitter_ */,
			);
		};
/* End PBXProject section */

/* Begin PBXResourcesBuildPhase section */
		A0D7F98B293CE57700FC381F /* Resources */ = {
			isa = PBXResourcesBuildPhase;
			buildActionMask = 2147483647;
			files = (
				A0D7F99D293CE57B00FC381F /* LaunchScreen.storyboard in Resources */,
				A0D7F99A293CE57B00FC381F /* Assets.xcassets in Resources */,
				A0C26CC9294232B000565423 /* GoogleService-Info.plist in Resources */,
			);
			runOnlyForDeploymentPostprocessing = 0;
		};
/* End PBXResourcesBuildPhase section */

/* Begin PBXSourcesBuildPhase section */
		A0D7F989293CE57700FC381F /* Sources */ = {
			isa = PBXSourcesBuildPhase;
			buildActionMask = 2147483647;
			files = (
				A0D7F9AA293CE8A500FC381F /* SearchViewController.swift in Sources */,
				A0CA244F2944E4B500B4C76D /* AuthManager.swift in Sources */,
				A09D3373297054590035E5CF /* TweetComposeViewController.swift in Sources */,
				A0D7F995293CE57700FC381F /* MainTabBarViewController.swift in Sources */,
				A01A0A5729487EC500C0A381 /* StorageManager.swift in Sources */,
				A08CABB429719117002E2560 /* Tweet.swift in Sources */,
				A07892A32945C9510010F9BA /* LoginViewController.swift in Sources */,
				A012F2982945DD21002B6193 /* DatabaseManager.swift in Sources */,
				A0D7F991293CE57700FC381F /* AppDelegate.swift in Sources */,
				A0143BB92948CCFE00704629 /* ProfileViewViewModel.swift in Sources */,
				A0CA24492942541300B4C76D /* RegisterViewController.swift in Sources */,
				A0D7F9AC293CE8BA00FC381F /* NotificationsViewController.swift in Sources */,
				A0D7F993293CE57700FC381F /* SceneDelegate.swift in Sources */,
				A0D7F9A8293CE89400FC381F /* HomeViewController.swift in Sources */,
				A0CA244C2943371F00B4C76D /* AuthenticationViewViewModel.swift in Sources */,
				A012F29E29460C31002B6193 /* ProfileDataFormViewViewModel.swift in Sources */,
				A09D337129704CE70035E5CF /* Extension+UIColor.swift in Sources */,
				A0C76662293E3C740017DB9C /* ProfileViewController.swift in Sources */,
				A08CABB229718F52002E2560 /* TweetComposeViewViewModel.swift in Sources */,
				A0D7F9AE293CE8CF00FC381F /* DirectMessagesViewController.swift in Sources */,
				A0C76664293E4C080017DB9C /* ProfileTableViewHeader.swift in Sources */,
				A012F29C2945FAA7002B6193 /* ProfileDataFormViewController.swift in Sources */,
				A0C26CDF29423C2B00565423 /* OnboardingViewController.swift in Sources */,
				A012F2962945DA8C002B6193 /* TwitterUser.swift in Sources */,
				A012F29A2945F3B1002B6193 /* HomeViewViewModel.swift in Sources */,
				A0D7F9B1293D01A200FC381F /* TweetTableViewCell.swift in Sources */,
			);
			runOnlyForDeploymentPostprocessing = 0;
		};
/* End PBXSourcesBuildPhase section */

/* Begin PBXVariantGroup section */
		A0D7F99B293CE57B00FC381F /* LaunchScreen.storyboard */ = {
			isa = PBXVariantGroup;
			children = (
				A0D7F99C293CE57B00FC381F /* Base */,
			);
			name = LaunchScreen.storyboard;
			sourceTree = "<group>";
		};
/* End PBXVariantGroup section */

/* Begin XCBuildConfiguration section */
		A0D7F99F293CE57B00FC381F /* Debug */ = {
			isa = XCBuildConfiguration;
			buildSettings = {
				ALWAYS_SEARCH_USER_PATHS = NO;
				CLANG_ANALYZER_NONNULL = YES;
				CLANG_ANALYZER_NUMBER_OBJECT_CONVERSION = YES_AGGRESSIVE;
				CLANG_CXX_LANGUAGE_STANDARD = "gnu++20";
				CLANG_ENABLE_MODULES = YES;
				CLANG_ENABLE_OBJC_ARC = YES;
				CLANG_ENABLE_OBJC_WEAK = YES;
				CLANG_WARN_BLOCK_CAPTURE_AUTORELEASING = YES;
				CLANG_WARN_BOOL_CONVERSION = YES;
				CLANG_WARN_COMMA = YES;
				CLANG_WARN_CONSTANT_CONVERSION = YES;
				CLANG_WARN_DEPRECATED_OBJC_IMPLEMENTATIONS = YES;
				CLANG_WARN_DIRECT_OBJC_ISA_USAGE = YES_ERROR;
				CLANG_WARN_DOCUMENTATION_COMMENTS = YES;
				CLANG_WARN_EMPTY_BODY = YES;
				CLANG_WARN_ENUM_CONVERSION = YES;
				CLANG_WARN_INFINITE_RECURSION = YES;
				CLANG_WARN_INT_CONVERSION = YES;
				CLANG_WARN_NON_LITERAL_NULL_CONVERSION = YES;
				CLANG_WARN_OBJC_IMPLICIT_RETAIN_SELF = YES;
				CLANG_WARN_OBJC_LITERAL_CONVERSION = YES;
				CLANG_WARN_OBJC_ROOT_CLASS = YES_ERROR;
				CLANG_WARN_QUOTED_INCLUDE_IN_FRAMEWORK_HEADER = YES;
				CLANG_WARN_RANGE_LOOP_ANALYSIS = YES;
				CLANG_WARN_STRICT_PROTOTYPES = YES;
				CLANG_WARN_SUSPICIOUS_MOVE = YES;
				CLANG_WARN_UNGUARDED_AVAILABILITY = YES_AGGRESSIVE;
				CLANG_WARN_UNREACHABLE_CODE = YES;
				CLANG_WARN__DUPLICATE_METHOD_MATCH = YES;
				COPY_PHASE_STRIP = NO;
				DEBUG_INFORMATION_FORMAT = dwarf;
				ENABLE_STRICT_OBJC_MSGSEND = YES;
				ENABLE_TESTABILITY = YES;
				GCC_C_LANGUAGE_STANDARD = gnu11;
				GCC_DYNAMIC_NO_PIC = NO;
				GCC_NO_COMMON_BLOCKS = YES;
				GCC_OPTIMIZATION_LEVEL = 0;
				GCC_PREPROCESSOR_DEFINITIONS = (
					"DEBUG=1",
					"$(inherited)",
				);
				GCC_WARN_64_TO_32_BIT_CONVERSION = YES;
				GCC_WARN_ABOUT_RETURN_TYPE = YES_ERROR;
				GCC_WARN_UNDECLARED_SELECTOR = YES;
				GCC_WARN_UNINITIALIZED_AUTOS = YES_AGGRESSIVE;
				GCC_WARN_UNUSED_FUNCTION = YES;
				GCC_WARN_UNUSED_VARIABLE = YES;
				IPHONEOS_DEPLOYMENT_TARGET = 16.0;
				MTL_ENABLE_DEBUG_INFO = INCLUDE_SOURCE;
				MTL_FAST_MATH = YES;
				ONLY_ACTIVE_ARCH = YES;
				SDKROOT = iphoneos;
				SWIFT_ACTIVE_COMPILATION_CONDITIONS = DEBUG;
				SWIFT_OPTIMIZATION_LEVEL = "-Onone";
			};
			name = Debug;
		};
		A0D7F9A0293CE57B00FC381F /* Release */ = {
			isa = XCBuildConfiguration;
			buildSettings = {
				ALWAYS_SEARCH_USER_PATHS = NO;
				CLANG_ANALYZER_NONNULL = YES;
				CLANG_ANALYZER_NUMBER_OBJECT_CONVERSION = YES_AGGRESSIVE;
				CLANG_CXX_LANGUAGE_STANDARD = "gnu++20";
				CLANG_ENABLE_MODULES = YES;
				CLANG_ENABLE_OBJC_ARC = YES;
				CLANG_ENABLE_OBJC_WEAK = YES;
				CLANG_WARN_BLOCK_CAPTURE_AUTORELEASING = YES;
				CLANG_WARN_BOOL_CONVERSION = YES;
				CLANG_WARN_COMMA = YES;
				CLANG_WARN_CONSTANT_CONVERSION = YES;
				CLANG_WARN_DEPRECATED_OBJC_IMPLEMENTATIONS = YES;
				CLANG_WARN_DIRECT_OBJC_ISA_USAGE = YES_ERROR;
				CLANG_WARN_DOCUMENTATION_COMMENTS = YES;
				CLANG_WARN_EMPTY_BODY = YES;
				CLANG_WARN_ENUM_CONVERSION = YES;
				CLANG_WARN_INFINITE_RECURSION = YES;
				CLANG_WARN_INT_CONVERSION = YES;
				CLANG_WARN_NON_LITERAL_NULL_CONVERSION = YES;
				CLANG_WARN_OBJC_IMPLICIT_RETAIN_SELF = YES;
				CLANG_WARN_OBJC_LITERAL_CONVERSION = YES;
				CLANG_WARN_OBJC_ROOT_CLASS = YES_ERROR;
				CLANG_WARN_QUOTED_INCLUDE_IN_FRAMEWORK_HEADER = YES;
				CLANG_WARN_RANGE_LOOP_ANALYSIS = YES;
				CLANG_WARN_STRICT_PROTOTYPES = YES;
				CLANG_WARN_SUSPICIOUS_MOVE = YES;
				CLANG_WARN_UNGUARDED_AVAILABILITY = YES_AGGRESSIVE;
				CLANG_WARN_UNREACHABLE_CODE = YES;
				CLANG_WARN__DUPLICATE_METHOD_MATCH = YES;
				COPY_PHASE_STRIP = NO;
				DEBUG_INFORMATION_FORMAT = "dwarf-with-dsym";
				ENABLE_NS_ASSERTIONS = NO;
				ENABLE_STRICT_OBJC_MSGSEND = YES;
				GCC_C_LANGUAGE_STANDARD = gnu11;
				GCC_NO_COMMON_BLOCKS = YES;
				GCC_WARN_64_TO_32_BIT_CONVERSION = YES;
				GCC_WARN_ABOUT_RETURN_TYPE = YES_ERROR;
				GCC_WARN_UNDECLARED_SELECTOR = YES;
				GCC_WARN_UNINITIALIZED_AUTOS = YES_AGGRESSIVE;
				GCC_WARN_UNUSED_FUNCTION = YES;
				GCC_WARN_UNUSED_VARIABLE = YES;
				IPHONEOS_DEPLOYMENT_TARGET = 16.0;
				MTL_ENABLE_DEBUG_INFO = NO;
				MTL_FAST_MATH = YES;
				SDKROOT = iphoneos;
				SWIFT_COMPILATION_MODE = wholemodule;
				SWIFT_OPTIMIZATION_LEVEL = "-O";
				VALIDATE_PRODUCT = YES;
			};
			name = Release;
		};
		A0D7F9A2293CE57B00FC381F /* Debug */ = {
			isa = XCBuildConfiguration;
			buildSettings = {
				ASSETCATALOG_COMPILER_APPICON_NAME = AppIcon;
				ASSETCATALOG_COMPILER_GLOBAL_ACCENT_COLOR_NAME = AccentColor;
				CODE_SIGN_STYLE = Automatic;
				CURRENT_PROJECT_VERSION = 1;
				DEVELOPMENT_TEAM = 7JGN3FTU3X;
				GENERATE_INFOPLIST_FILE = YES;
				INFOPLIST_FILE = Twitter_/Info.plist;
				INFOPLIST_KEY_UIApplicationSupportsIndirectInputEvents = YES;
				INFOPLIST_KEY_UILaunchStoryboardName = LaunchScreen;
				INFOPLIST_KEY_UISupportedInterfaceOrientations_iPad = "UIInterfaceOrientationPortrait UIInterfaceOrientationPortraitUpsideDown UIInterfaceOrientationLandscapeLeft UIInterfaceOrientationLandscapeRight";
				INFOPLIST_KEY_UISupportedInterfaceOrientations_iPhone = "UIInterfaceOrientationPortrait UIInterfaceOrientationLandscapeLeft UIInterfaceOrientationLandscapeRight";
				LD_RUNPATH_SEARCH_PATHS = (
					"$(inherited)",
					"@executable_path/Frameworks",
				);
				MARKETING_VERSION = 1.0;
				PRODUCT_BUNDLE_IDENTIFIER = "com.abkubatt.Twitter-";
				PRODUCT_NAME = "$(TARGET_NAME)";
				SWIFT_EMIT_LOC_STRINGS = YES;
				SWIFT_VERSION = 5.0;
				TARGETED_DEVICE_FAMILY = "1,2";
			};
			name = Debug;
		};
		A0D7F9A3293CE57B00FC381F /* Release */ = {
			isa = XCBuildConfiguration;
			buildSettings = {
				ASSETCATALOG_COMPILER_APPICON_NAME = AppIcon;
				ASSETCATALOG_COMPILER_GLOBAL_ACCENT_COLOR_NAME = AccentColor;
				CODE_SIGN_STYLE = Automatic;
				CURRENT_PROJECT_VERSION = 1;
				DEVELOPMENT_TEAM = 7JGN3FTU3X;
				GENERATE_INFOPLIST_FILE = YES;
				INFOPLIST_FILE = Twitter_/Info.plist;
				INFOPLIST_KEY_UIApplicationSupportsIndirectInputEvents = YES;
				INFOPLIST_KEY_UILaunchStoryboardName = LaunchScreen;
				INFOPLIST_KEY_UISupportedInterfaceOrientations_iPad = "UIInterfaceOrientationPortrait UIInterfaceOrientationPortraitUpsideDown UIInterfaceOrientationLandscapeLeft UIInterfaceOrientationLandscapeRight";
				INFOPLIST_KEY_UISupportedInterfaceOrientations_iPhone = "UIInterfaceOrientationPortrait UIInterfaceOrientationLandscapeLeft UIInterfaceOrientationLandscapeRight";
				LD_RUNPATH_SEARCH_PATHS = (
					"$(inherited)",
					"@executable_path/Frameworks",
				);
				MARKETING_VERSION = 1.0;
				PRODUCT_BUNDLE_IDENTIFIER = "com.abkubatt.Twitter-";
				PRODUCT_NAME = "$(TARGET_NAME)";
				SWIFT_EMIT_LOC_STRINGS = YES;
				SWIFT_VERSION = 5.0;
				TARGETED_DEVICE_FAMILY = "1,2";
			};
			name = Release;
		};
/* End XCBuildConfiguration section */

/* Begin XCConfigurationList section */
		A0D7F988293CE57600FC381F /* Build configuration list for PBXProject "Twitter_" */ = {
			isa = XCConfigurationList;
			buildConfigurations = (
				A0D7F99F293CE57B00FC381F /* Debug */,
				A0D7F9A0293CE57B00FC381F /* Release */,
			);
			defaultConfigurationIsVisible = 0;
			defaultConfigurationName = Release;
		};
		A0D7F9A1293CE57B00FC381F /* Build configuration list for PBXNativeTarget "Twitter_" */ = {
			isa = XCConfigurationList;
			buildConfigurations = (
				A0D7F9A2293CE57B00FC381F /* Debug */,
				A0D7F9A3293CE57B00FC381F /* Release */,
			);
			defaultConfigurationIsVisible = 0;
			defaultConfigurationName = Release;
		};
/* End XCConfigurationList section */

/* Begin XCRemoteSwiftPackageReference section */
		A0143BBA2948D25B00704629 /* XCRemoteSwiftPackageReference "SDWebImage" */ = {
			isa = XCRemoteSwiftPackageReference;
			repositoryURL = "https://github.com/SDWebImage/SDWebImage.git";
			requirement = {
				branch = master;
				kind = branch;
			};
		};
		A0C26CCA29423A1B00565423 /* XCRemoteSwiftPackageReference "firebase-ios-sdk" */ = {
			isa = XCRemoteSwiftPackageReference;
			repositoryURL = "https://github.com/firebase/firebase-ios-sdk";
			requirement = {
				kind = upToNextMinorVersion;
				minimumVersion = 9.6.0;
			};
		};
/* End XCRemoteSwiftPackageReference section */

/* Begin XCSwiftPackageProductDependency section */
		A0143BBB2948D25B00704629 /* SDWebImage */ = {
			isa = XCSwiftPackageProductDependency;
			package = A0143BBA2948D25B00704629 /* XCRemoteSwiftPackageReference "SDWebImage" */;
			productName = SDWebImage;
		};
		A0C26CCB29423A1B00565423 /* FirebaseAuth */ = {
			isa = XCSwiftPackageProductDependency;
			package = A0C26CCA29423A1B00565423 /* XCRemoteSwiftPackageReference "firebase-ios-sdk" */;
			productName = FirebaseAuth;
		};
		A0C26CCD29423A1B00565423 /* FirebaseAuthCombine-Community */ = {
			isa = XCSwiftPackageProductDependency;
			package = A0C26CCA29423A1B00565423 /* XCRemoteSwiftPackageReference "firebase-ios-sdk" */;
			productName = "FirebaseAuthCombine-Community";
		};
		A0C26CCF29423A1B00565423 /* FirebaseDatabase */ = {
			isa = XCSwiftPackageProductDependency;
			package = A0C26CCA29423A1B00565423 /* XCRemoteSwiftPackageReference "firebase-ios-sdk" */;
			productName = FirebaseDatabase;
		};
		A0C26CD129423A1B00565423 /* FirebaseDatabaseSwift */ = {
			isa = XCSwiftPackageProductDependency;
			package = A0C26CCA29423A1B00565423 /* XCRemoteSwiftPackageReference "firebase-ios-sdk" */;
			productName = FirebaseDatabaseSwift;
		};
		A0C26CD329423A1B00565423 /* FirebaseFirestore */ = {
			isa = XCSwiftPackageProductDependency;
			package = A0C26CCA29423A1B00565423 /* XCRemoteSwiftPackageReference "firebase-ios-sdk" */;
			productName = FirebaseFirestore;
		};
		A0C26CD529423A1B00565423 /* FirebaseFirestoreCombine-Community */ = {
			isa = XCSwiftPackageProductDependency;
			package = A0C26CCA29423A1B00565423 /* XCRemoteSwiftPackageReference "firebase-ios-sdk" */;
			productName = "FirebaseFirestoreCombine-Community";
		};
		A0C26CD729423A1B00565423 /* FirebaseFirestoreSwift */ = {
			isa = XCSwiftPackageProductDependency;
			package = A0C26CCA29423A1B00565423 /* XCRemoteSwiftPackageReference "firebase-ios-sdk" */;
			productName = FirebaseFirestoreSwift;
		};
		A0C26CD929423A1B00565423 /* FirebaseStorage */ = {
			isa = XCSwiftPackageProductDependency;
			package = A0C26CCA29423A1B00565423 /* XCRemoteSwiftPackageReference "firebase-ios-sdk" */;
			productName = FirebaseStorage;
		};
		A0C26CDB29423A1B00565423 /* FirebaseStorageCombine-Community */ = {
			isa = XCSwiftPackageProductDependency;
			package = A0C26CCA29423A1B00565423 /* XCRemoteSwiftPackageReference "firebase-ios-sdk" */;
			productName = "FirebaseStorageCombine-Community";
		};
/* End XCSwiftPackageProductDependency section */
	};
	rootObject = A0D7F985293CE57600FC381F /* Project object */;
}
